
Microsoft Visual Studio Solution File, Format Version 12.00
Project("{FAE04EC0-301F-11D3-BF4B-00C04F79EFBC}") = "UnprocesedPackages", "src\UnprocesedPackages\UnprocesedPackages.csproj", "{10D5B5D7-1BD3-491F-B398-57402AE928E9}"
EndProject
Project("{2150E333-8FDC-42A3-9474-1A3956D46DE8}") = "src", "src", "{EC851271-94BF-4EBC-B8EE-2BBE003BBAFE}"
EndProject
Global
	GlobalSection(SolutionConfigurationPlatforms) = preSolution
		Debug|Any CPU = Debug|Any CPU
		Release|Any CPU = Release|Any CPU
	EndGlobalSection
	GlobalSection(ProjectConfigurationPlatforms) = postSolution
		{10D5B5D7-1BD3-491F-B398-57402AE928E9}.Debug|Any CPU.ActiveCfg = Debug|Any CPU
		{10D5B5D7-1BD3-491F-B398-57402AE928E9}.Debug|Any CPU.Build.0 = Debug|Any CPU
		{10D5B5D7-1BD3-491F-B398-57402AE928E9}.Release|Any CPU.ActiveCfg = Release|Any CPU
		{10D5B5D7-1BD3-491F-B398-57402AE928E9}.Release|Any CPU.Build.0 = Release|Any CPU
	EndGlobalSection
	GlobalSection(NestedProjects) = preSolution
		{10D5B5D7-1BD3-491F-B398-57402AE928E9} = {EC851271-94BF-4EBC-B8EE-2BBE003BBAFE}
	EndGlobalSection
EndGlobal
